
Microsoft Visual Studio Solution File, Format Version 12.00
# Visual Studio Version 16
VisualStudioVersion = 16.0.32413.511
MinimumVisualStudioVersion = 10.0.40219.1
Project("{9A19103F-16F7-4668-BE54-9A1E7A4F7556}") = "SeatAnalyzer", "GridOfSeats\SeatAnalyzer.csproj", "{00722C24-4152-47F2-9BCF-EF8302567B22}"
EndProject
Project("{9A19103F-16F7-4668-BE54-9A1E7A4F7556}") = "SeatAnalyzer.UnitTests", "SeatAnalyzer.UnitTests\SeatAnalyzer.UnitTests.csproj", "{A615E040-C5E7-4083-BCB6-B22B9409EB77}"
EndProject
Global
	GlobalSection(SolutionConfigurationPlatforms) = preSolution
		Debug|Any CPU = Debug|Any CPU
		Release|Any CPU = Release|Any CPU
	EndGlobalSection
	GlobalSection(ProjectConfigurationPlatforms) = postSolution
		{00722C24-4152-47F2-9BCF-EF8302567B22}.Debug|Any CPU.ActiveCfg = Debug|Any CPU
		{00722C24-4152-47F2-9BCF-EF8302567B22}.Debug|Any CPU.Build.0 = Debug|Any CPU
		{00722C24-4152-47F2-9BCF-EF8302567B22}.Release|Any CPU.ActiveCfg = Release|Any CPU
		{00722C24-4152-47F2-9BCF-EF8302567B22}.Release|Any CPU.Build.0 = Release|Any CPU
		{A615E040-C5E7-4083-BCB6-B22B9409EB77}.Debug|Any CPU.ActiveCfg = Debug|Any CPU
		{A615E040-C5E7-4083-BCB6-B22B9409EB77}.Debug|Any CPU.Build.0 = Debug|Any CPU
		{A615E040-C5E7-4083-BCB6-B22B9409EB77}.Release|Any CPU.ActiveCfg = Release|Any CPU
		{A615E040-C5E7-4083-BCB6-B22B9409EB77}.Release|Any CPU.Build.0 = Release|Any CPU
	EndGlobalSection
	GlobalSection(SolutionProperties) = preSolution
		HideSolutionNode = FALSE
	EndGlobalSection
	GlobalSection(ExtensibilityGlobals) = postSolution
		SolutionGuid = {5106D885-553F-4758-A1BE-FFB95BAD1FD9}
	EndGlobalSection
EndGlobal
